// !$*UTF8*$!
{
	archiveVersion = 1;
	classes = {
	};
	objectVersion = 56;
	objects = {

/* Begin PBXBuildFile section */
		C05CBDF829261F8500B16628 /* dlightApp.swift in Sources */ = {isa = PBXBuildFile; fileRef = C05CBDF729261F8500B16628 /* dlightApp.swift */; };
		C05CBDFA29261F8500B16628 /* ContentView.swift in Sources */ = {isa = PBXBuildFile; fileRef = C05CBDF929261F8500B16628 /* ContentView.swift */; };
		C05CBDFC29261F8600B16628 /* Assets.xcassets in Resources */ = {isa = PBXBuildFile; fileRef = C05CBDFB29261F8600B16628 /* Assets.xcassets */; };
		C05CBDFF29261F8600B16628 /* Preview Assets.xcassets in Resources */ = {isa = PBXBuildFile; fileRef = C05CBDFE29261F8600B16628 /* Preview Assets.xcassets */; };
		C05CBE0629261FD600B16628 /* GoogleService-Info.plist in Resources */ = {isa = PBXBuildFile; fileRef = C05CBE0529261FD600B16628 /* GoogleService-Info.plist */; };
		C05CBE092926206800B16628 /* FirebaseFirestore in Frameworks */ = {isa = PBXBuildFile; productRef = C05CBE082926206800B16628 /* FirebaseFirestore */; };
		C05CBE0B2926206800B16628 /* FirebaseFirestoreSwift in Frameworks */ = {isa = PBXBuildFile; productRef = C05CBE0A2926206800B16628 /* FirebaseFirestoreSwift */; };
		C05CBE0D2926206800B16628 /* FirebaseStorage in Frameworks */ = {isa = PBXBuildFile; productRef = C05CBE0C2926206800B16628 /* FirebaseStorage */; };
		C07EF41429263E4D008A9D6D /* Video.swift in Sources */ = {isa = PBXBuildFile; fileRef = C07EF41329263E4D008A9D6D /* Video.swift */; };
		C07EF41629263EDB008A9D6D /* Player.swift in Sources */ = {isa = PBXBuildFile; fileRef = C07EF41529263EDB008A9D6D /* Player.swift */; };
		C07EF41829263F39008A9D6D /* PlayerView.swift in Sources */ = {isa = PBXBuildFile; fileRef = C07EF41729263F39008A9D6D /* PlayerView.swift */; };
		C07EF41A29263FB6008A9D6D /* DanceRecommendView.swift in Sources */ = {isa = PBXBuildFile; fileRef = C07EF41929263FB6008A9D6D /* DanceRecommendView.swift */; };
/* End PBXBuildFile section */

/* Begin PBXFileReference section */
		C05CBDF429261F8500B16628 /* dlight.app */ = {isa = PBXFileReference; explicitFileType = wrapper.application; includeInIndex = 0; path = dlight.app; sourceTree = BUILT_PRODUCTS_DIR; };
		C05CBDF729261F8500B16628 /* dlightApp.swift */ = {isa = PBXFileReference; lastKnownFileType = sourcecode.swift; path = dlightApp.swift; sourceTree = "<group>"; };
		C05CBDF929261F8500B16628 /* ContentView.swift */ = {isa = PBXFileReference; lastKnownFileType = sourcecode.swift; path = ContentView.swift; sourceTree = "<group>"; };
		C05CBDFB29261F8600B16628 /* Assets.xcassets */ = {isa = PBXFileReference; lastKnownFileType = folder.assetcatalog; path = Assets.xcassets; sourceTree = "<group>"; };
		C05CBDFE29261F8600B16628 /* Preview Assets.xcassets */ = {isa = PBXFileReference; lastKnownFileType = folder.assetcatalog; path = "Preview Assets.xcassets"; sourceTree = "<group>"; };
		C05CBE0529261FD600B16628 /* GoogleService-Info.plist */ = {isa = PBXFileReference; fileEncoding = 4; lastKnownFileType = text.plist.xml; path = "GoogleService-Info.plist"; sourceTree = "<group>"; };
		C07EF41329263E4D008A9D6D /* Video.swift */ = {isa = PBXFileReference; lastKnownFileType = sourcecode.swift; path = Video.swift; sourceTree = "<group>"; };
		C07EF41529263EDB008A9D6D /* Player.swift */ = {isa = PBXFileReference; lastKnownFileType = sourcecode.swift; path = Player.swift; sourceTree = "<group>"; };
		C07EF41729263F39008A9D6D /* PlayerView.swift */ = {isa = PBXFileReference; lastKnownFileType = sourcecode.swift; path = PlayerView.swift; sourceTree = "<group>"; };
		C07EF41929263FB6008A9D6D /* DanceRecommendView.swift */ = {isa = PBXFileReference; lastKnownFileType = sourcecode.swift; path = DanceRecommendView.swift; sourceTree = "<group>"; };
/* End PBXFileReference section */

/* Begin PBXFrameworksBuildPhase section */
		C05CBDF129261F8500B16628 /* Frameworks */ = {
			isa = PBXFrameworksBuildPhase;
			buildActionMask = 2147483647;
			files = (
				C05CBE092926206800B16628 /* FirebaseFirestore in Frameworks */,
				C05CBE0B2926206800B16628 /* FirebaseFirestoreSwift in Frameworks */,
				C05CBE0D2926206800B16628 /* FirebaseStorage in Frameworks */,
			);
			runOnlyForDeploymentPostprocessing = 0;
		};
/* End PBXFrameworksBuildPhase section */

/* Begin PBXGroup section */
		C05CBDEB29261F8500B16628 = {
			isa = PBXGroup;
			children = (
				C05CBDF629261F8500B16628 /* dlight */,
				C05CBDF529261F8500B16628 /* Products */,
			);
			sourceTree = "<group>";
		};
		C05CBDF529261F8500B16628 /* Products */ = {
			isa = PBXGroup;
			children = (
				C05CBDF429261F8500B16628 /* dlight.app */,
			);
			name = Products;
			sourceTree = "<group>";
		};
		C05CBDF629261F8500B16628 /* dlight */ = {
			isa = PBXGroup;
			children = (
				C05CBE0529261FD600B16628 /* GoogleService-Info.plist */,
				C05CBDF729261F8500B16628 /* dlightApp.swift */,
				C05CBDF929261F8500B16628 /* ContentView.swift */,
				C07EF41329263E4D008A9D6D /* Video.swift */,
				C07EF41529263EDB008A9D6D /* Player.swift */,
				C07EF41729263F39008A9D6D /* PlayerView.swift */,
				C07EF41929263FB6008A9D6D /* DanceRecommendView.swift */,
				C05CBDFB29261F8600B16628 /* Assets.xcassets */,
				C05CBDFD29261F8600B16628 /* Preview Content */,
			);
			path = dlight;
			sourceTree = "<group>";
		};
		C05CBDFD29261F8600B16628 /* Preview Content */ = {
			isa = PBXGroup;
			children = (
				C05CBDFE29261F8600B16628 /* Preview Assets.xcassets */,
			);
			path = "Preview Content";
			sourceTree = "<group>";
		};
/* End PBXGroup section */

/* Begin PBXNativeTarget section */
		C05CBDF329261F8500B16628 /* dlight */ = {
			isa = PBXNativeTarget;
			buildConfigurationList = C05CBE0229261F8600B16628 /* Build configuration list for PBXNativeTarget "dlight" */;
			buildPhases = (
				C05CBDF029261F8500B16628 /* Sources */,
				C05CBDF129261F8500B16628 /* Frameworks */,
				C05CBDF229261F8500B16628 /* Resources */,
			);
			buildRules = (
			);
			dependencies = (
			);
			name = dlight;
			packageProductDependencies = (
				C05CBE082926206800B16628 /* FirebaseFirestore */,
				C05CBE0A2926206800B16628 /* FirebaseFirestoreSwift */,
				C05CBE0C2926206800B16628 /* FirebaseStorage */,
			);
			productName = dlight;
			productReference = C05CBDF429261F8500B16628 /* dlight.app */;
			productType = "com.apple.product-type.application";
		};
/* End PBXNativeTarget section */

/* Begin PBXProject section */
		C05CBDEC29261F8500B16628 /* Project object */ = {
			isa = PBXProject;
			attributes = {
				BuildIndependentTargetsInParallel = 1;
				LastSwiftUpdateCheck = 1410;
				LastUpgradeCheck = 1410;
				TargetAttributes = {
					C05CBDF329261F8500B16628 = {
						CreatedOnToolsVersion = 14.1;
					};
				};
			};
			buildConfigurationList = C05CBDEF29261F8500B16628 /* Build configuration list for PBXProject "dlight" */;
			compatibilityVersion = "Xcode 14.0";
			developmentRegion = en;
			hasScannedForEncodings = 0;
			knownRegions = (
				en,
				Base,
			);
			mainGroup = C05CBDEB29261F8500B16628;
			packageReferences = (
				C05CBE072926206800B16628 /* XCRemoteSwiftPackageReference "firebase-ios-sdk" */,
			);
			productRefGroup = C05CBDF529261F8500B16628 /* Products */;
			projectDirPath = "";
			projectRoot = "";
			targets = (
				C05CBDF329261F8500B16628 /* dlight */,
			);
		};
/* End PBXProject section */

/* Begin PBXResourcesBuildPhase section */
		C05CBDF229261F8500B16628 /* Resources */ = {
			isa = PBXResourcesBuildPhase;
			buildActionMask = 2147483647;
			files = (
				C05CBDFF29261F8600B16628 /* Preview Assets.xcassets in Resources */,
				C05CBDFC29261F8600B16628 /* Assets.xcassets in Resources */,
				C05CBE0629261FD600B16628 /* GoogleService-Info.plist in Resources */,
			);
			runOnlyForDeploymentPostprocessing = 0;
		};
/* End PBXResourcesBuildPhase section */

/* Begin PBXSourcesBuildPhase section */
		C05CBDF029261F8500B16628 /* Sources */ = {
			isa = PBXSourcesBuildPhase;
			buildActionMask = 2147483647;
			files = (
				C07EF41629263EDB008A9D6D /* Player.swift in Sources */,
				C05CBDFA29261F8500B16628 /* ContentView.swift in Sources */,
				C07EF41429263E4D008A9D6D /* Video.swift in Sources */,
				C07EF41A29263FB6008A9D6D /* DanceRecommendView.swift in Sources */,
				C07EF41829263F39008A9D6D /* PlayerView.swift in Sources */,
				C05CBDF829261F8500B16628 /* dlightApp.swift in Sources */,
			);
			runOnlyForDeploymentPostprocessing = 0;
		};
/* End PBXSourcesBuildPhase section */

/* Begin XCBuildConfiguration section */
		C05CBE0029261F8600B16628 /* Debug */ = {
			isa = XCBuildConfiguration;
			buildSettings = {
				ALWAYS_SEARCH_USER_PATHS = NO;
				CLANG_ANALYZER_NONNULL = YES;
				CLANG_ANALYZER_NUMBER_OBJECT_CONVERSION = YES_AGGRESSIVE;
				CLANG_CXX_LANGUAGE_STANDARD = "gnu++20";
				CLANG_ENABLE_MODULES = YES;
				CLANG_ENABLE_OBJC_ARC = YES;
				CLANG_ENABLE_OBJC_WEAK = YES;
				CLANG_WARN_BLOCK_CAPTURE_AUTORELEASING = YES;
				CLANG_WARN_BOOL_CONVERSION = YES;
				CLANG_WARN_COMMA = YES;
				CLANG_WARN_CONSTANT_CONVERSION = YES;
				CLANG_WARN_DEPRECATED_OBJC_IMPLEMENTATIONS = YES;
				CLANG_WARN_DIRECT_OBJC_ISA_USAGE = YES_ERROR;
				CLANG_WARN_DOCUMENTATION_COMMENTS = YES;
				CLANG_WARN_EMPTY_BODY = YES;
				CLANG_WARN_ENUM_CONVERSION = YES;
				CLANG_WARN_INFINITE_RECURSION = YES;
				CLANG_WARN_INT_CONVERSION = YES;
				CLANG_WARN_NON_LITERAL_NULL_CONVERSION = YES;
				CLANG_WARN_OBJC_IMPLICIT_RETAIN_SELF = YES;
				CLANG_WARN_OBJC_LITERAL_CONVERSION = YES;
				CLANG_WARN_OBJC_ROOT_CLASS = YES_ERROR;
				CLANG_WARN_QUOTED_INCLUDE_IN_FRAMEWORK_HEADER = YES;
				CLANG_WARN_RANGE_LOOP_ANALYSIS = YES;
				CLANG_WARN_STRICT_PROTOTYPES = YES;
				CLANG_WARN_SUSPICIOUS_MOVE = YES;
				CLANG_WARN_UNGUARDED_AVAILABILITY = YES_AGGRESSIVE;
				CLANG_WARN_UNREACHABLE_CODE = YES;
				CLANG_WARN__DUPLICATE_METHOD_MATCH = YES;
				COPY_PHASE_STRIP = NO;
				DEBUG_INFORMATION_FORMAT = dwarf;
				ENABLE_STRICT_OBJC_MSGSEND = YES;
				ENABLE_TESTABILITY = YES;
				GCC_C_LANGUAGE_STANDARD = gnu11;
				GCC_DYNAMIC_NO_PIC = NO;
				GCC_NO_COMMON_BLOCKS = YES;
				GCC_OPTIMIZATION_LEVEL = 0;
				GCC_PREPROCESSOR_DEFINITIONS = (
					"DEBUG=1",
					"$(inherited)",
				);
				GCC_WARN_64_TO_32_BIT_CONVERSION = YES;
				GCC_WARN_ABOUT_RETURN_TYPE = YES_ERROR;
				GCC_WARN_UNDECLARED_SELECTOR = YES;
				GCC_WARN_UNINITIALIZED_AUTOS = YES_AGGRESSIVE;
				GCC_WARN_UNUSED_FUNCTION = YES;
				GCC_WARN_UNUSED_VARIABLE = YES;
				IPHONEOS_DEPLOYMENT_TARGET = 16.1;
				MTL_ENABLE_DEBUG_INFO = INCLUDE_SOURCE;
				MTL_FAST_MATH = YES;
				ONLY_ACTIVE_ARCH = YES;
				SDKROOT = iphoneos;
				SWIFT_ACTIVE_COMPILATION_CONDITIONS = DEBUG;
				SWIFT_OPTIMIZATION_LEVEL = "-Onone";
			};
			name = Debug;
		};
		C05CBE0129261F8600B16628 /* Release */ = {
			isa = XCBuildConfiguration;
			buildSettings = {
				ALWAYS_SEARCH_USER_PATHS = NO;
				CLANG_ANALYZER_NONNULL = YES;
				CLANG_ANALYZER_NUMBER_OBJECT_CONVERSION = YES_AGGRESSIVE;
				CLANG_CXX_LANGUAGE_STANDARD = "gnu++20";
				CLANG_ENABLE_MODULES = YES;
				CLANG_ENABLE_OBJC_ARC = YES;
				CLANG_ENABLE_OBJC_WEAK = YES;
				CLANG_WARN_BLOCK_CAPTURE_AUTORELEASING = YES;
				CLANG_WARN_BOOL_CONVERSION = YES;
				CLANG_WARN_COMMA = YES;
				CLANG_WARN_CONSTANT_CONVERSION = YES;
				CLANG_WARN_DEPRECATED_OBJC_IMPLEMENTATIONS = YES;
				CLANG_WARN_DIRECT_OBJC_ISA_USAGE = YES_ERROR;
				CLANG_WARN_DOCUMENTATION_COMMENTS = YES;
				CLANG_WARN_EMPTY_BODY = YES;
				CLANG_WARN_ENUM_CONVERSION = YES;
				CLANG_WARN_INFINITE_RECURSION = YES;
				CLANG_WARN_INT_CONVERSION = YES;
				CLANG_WARN_NON_LITERAL_NULL_CONVERSION = YES;
				CLANG_WARN_OBJC_IMPLICIT_RETAIN_SELF = YES;
				CLANG_WARN_OBJC_LITERAL_CONVERSION = YES;
				CLANG_WARN_OBJC_ROOT_CLASS = YES_ERROR;
				CLANG_WARN_QUOTED_INCLUDE_IN_FRAMEWORK_HEADER = YES;
				CLANG_WARN_RANGE_LOOP_ANALYSIS = YES;
				CLANG_WARN_STRICT_PROTOTYPES = YES;
				CLANG_WARN_SUSPICIOUS_MOVE = YES;
				CLANG_WARN_UNGUARDED_AVAILABILITY = YES_AGGRESSIVE;
				CLANG_WARN_UNREACHABLE_CODE = YES;
				CLANG_WARN__DUPLICATE_METHOD_MATCH = YES;
				COPY_PHASE_STRIP = NO;
				DEBUG_INFORMATION_FORMAT = "dwarf-with-dsym";
				ENABLE_NS_ASSERTIONS = NO;
				ENABLE_STRICT_OBJC_MSGSEND = YES;
				GCC_C_LANGUAGE_STANDARD = gnu11;
				GCC_NO_COMMON_BLOCKS = YES;
				GCC_WARN_64_TO_32_BIT_CONVERSION = YES;
				GCC_WARN_ABOUT_RETURN_TYPE = YES_ERROR;
				GCC_WARN_UNDECLARED_SELECTOR = YES;
				GCC_WARN_UNINITIALIZED_AUTOS = YES_AGGRESSIVE;
				GCC_WARN_UNUSED_FUNCTION = YES;
				GCC_WARN_UNUSED_VARIABLE = YES;
				IPHONEOS_DEPLOYMENT_TARGET = 16.1;
				MTL_ENABLE_DEBUG_INFO = NO;
				MTL_FAST_MATH = YES;
				SDKROOT = iphoneos;
				SWIFT_COMPILATION_MODE = wholemodule;
				SWIFT_OPTIMIZATION_LEVEL = "-O";
				VALIDATE_PRODUCT = YES;
			};
			name = Release;
		};
		C05CBE0329261F8600B16628 /* Debug */ = {
			isa = XCBuildConfiguration;
			buildSettings = {
				ASSETCATALOG_COMPILER_APPICON_NAME = AppIcon;
				ASSETCATALOG_COMPILER_GLOBAL_ACCENT_COLOR_NAME = AccentColor;
				CODE_SIGN_STYLE = Automatic;
				CURRENT_PROJECT_VERSION = 1;
				DEVELOPMENT_ASSET_PATHS = "\"dlight/Preview Content\"";
				DEVELOPMENT_TEAM = 4DC5UF7YA9;
				ENABLE_PREVIEWS = YES;
				GENERATE_INFOPLIST_FILE = YES;
				INFOPLIST_KEY_UIApplicationSceneManifest_Generation = YES;
				INFOPLIST_KEY_UIApplicationSupportsIndirectInputEvents = YES;
				INFOPLIST_KEY_UILaunchScreen_Generation = YES;
				INFOPLIST_KEY_UISupportedInterfaceOrientations_iPad = "UIInterfaceOrientationPortrait UIInterfaceOrientationPortraitUpsideDown UIInterfaceOrientationLandscapeLeft UIInterfaceOrientationLandscapeRight";
				INFOPLIST_KEY_UISupportedInterfaceOrientations_iPhone = "UIInterfaceOrientationPortrait UIInterfaceOrientationLandscapeLeft UIInterfaceOrientationLandscapeRight";
				LD_RUNPATH_SEARCH_PATHS = (
					"$(inherited)",
					"@executable_path/Frameworks",
				);
				MARKETING_VERSION = 1.0;
				PRODUCT_BUNDLE_IDENTIFIER = com.Bunt.dlight;
				PRODUCT_NAME = "$(TARGET_NAME)";
				SWIFT_EMIT_LOC_STRINGS = YES;
				SWIFT_VERSION = 5.0;
				TARGETED_DEVICE_FAMILY = "1,2";
			};
			name = Debug;
		};
		C05CBE0429261F8600B16628 /* Release */ = {
			isa = XCBuildConfiguration;
			buildSettings = {
				ASSETCATALOG_COMPILER_APPICON_NAME = AppIcon;
				ASSETCATALOG_COMPILER_GLOBAL_ACCENT_COLOR_NAME = AccentColor;
				CODE_SIGN_STYLE = Automatic;
				CURRENT_PROJECT_VERSION = 1;
				DEVELOPMENT_ASSET_PATHS = "\"dlight/Preview Content\"";
				DEVELOPMENT_TEAM = 4DC5UF7YA9;
				ENABLE_PREVIEWS = YES;
				GENERATE_INFOPLIST_FILE = YES;
				INFOPLIST_KEY_UIApplicationSceneManifest_Generation = YES;
				INFOPLIST_KEY_UIApplicationSupportsIndirectInputEvents = YES;
				INFOPLIST_KEY_UILaunchScreen_Generation = YES;
				INFOPLIST_KEY_UISupportedInterfaceOrientations_iPad = "UIInterfaceOrientationPortrait UIInterfaceOrientationPortraitUpsideDown UIInterfaceOrientationLandscapeLeft UIInterfaceOrientationLandscapeRight";
				INFOPLIST_KEY_UISupportedInterfaceOrientations_iPhone = "UIInterfaceOrientationPortrait UIInterfaceOrientationLandscapeLeft UIInterfaceOrientationLandscapeRight";
				LD_RUNPATH_SEARCH_PATHS = (
					"$(inherited)",
					"@executable_path/Frameworks",
				);
				MARKETING_VERSION = 1.0;
				PRODUCT_BUNDLE_IDENTIFIER = com.Bunt.dlight;
				PRODUCT_NAME = "$(TARGET_NAME)";
				SWIFT_EMIT_LOC_STRINGS = YES;
				SWIFT_VERSION = 5.0;
				TARGETED_DEVICE_FAMILY = "1,2";
			};
			name = Release;
		};
/* End XCBuildConfiguration section */

/* Begin XCConfigurationList section */
		C05CBDEF29261F8500B16628 /* Build configuration list for PBXProject "dlight" */ = {
			isa = XCConfigurationList;
			buildConfigurations = (
				C05CBE0029261F8600B16628 /* Debug */,
				C05CBE0129261F8600B16628 /* Release */,
			);
			defaultConfigurationIsVisible = 0;
			defaultConfigurationName = Release;
		};
		C05CBE0229261F8600B16628 /* Build configuration list for PBXNativeTarget "dlight" */ = {
			isa = XCConfigurationList;
			buildConfigurations = (
				C05CBE0329261F8600B16628 /* Debug */,
				C05CBE0429261F8600B16628 /* Release */,
			);
			defaultConfigurationIsVisible = 0;
			defaultConfigurationName = Release;
		};
/* End XCConfigurationList section */

/* Begin XCRemoteSwiftPackageReference section */
		C05CBE072926206800B16628 /* XCRemoteSwiftPackageReference "firebase-ios-sdk" */ = {
			isa = XCRemoteSwiftPackageReference;
			repositoryURL = "https://github.com/firebase/firebase-ios-sdk";
			requirement = {
				kind = exactVersion;
				version = 9.6.0;
			};
		};
/* End XCRemoteSwiftPackageReference section */

/* Begin XCSwiftPackageProductDependency section */
		C05CBE082926206800B16628 /* FirebaseFirestore */ = {
			isa = XCSwiftPackageProductDependency;
			package = C05CBE072926206800B16628 /* XCRemoteSwiftPackageReference "firebase-ios-sdk" */;
			productName = FirebaseFirestore;
		};
		C05CBE0A2926206800B16628 /* FirebaseFirestoreSwift */ = {
			isa = XCSwiftPackageProductDependency;
			package = C05CBE072926206800B16628 /* XCRemoteSwiftPackageReference "firebase-ios-sdk" */;
			productName = FirebaseFirestoreSwift;
		};
		C05CBE0C2926206800B16628 /* FirebaseStorage */ = {
			isa = XCSwiftPackageProductDependency;
			package = C05CBE072926206800B16628 /* XCRemoteSwiftPackageReference "firebase-ios-sdk" */;
			productName = FirebaseStorage;
		};
/* End XCSwiftPackageProductDependency section */
	};
	rootObject = C05CBDEC29261F8500B16628 /* Project object */;
}
